{
  "name": "chai-winder",
  "version": "1.0.3",
  "lockfileVersion": 3,
  "requires": true,
  "packages": {
    "": {
      "name": "chai-winder",
      "version": "1.0.3",
      "license": "ISC",
      "dependencies": {
        "chai-winder": "^1.0.3"
      }
    },
    "node_modules/chai-winder": {
      "version": "1.0.3",
      "resolved": "https://registry.npmjs.org/chai-winder/-/chai-winder-1.0.3.tgz",
      "integrity": "sha512-AmzlCnXhy32bGH6vtzxRYTFmbjiR6tAYmS+LE5j5SHYw8QtAutm6NMdxFnYkGfiUi+IjH1fUMNQjBZNkrf8KVg==",
      "license": "ISC",
      "dependencies": {
        "chai-winder": "^1.0.2"
      }
    }
  }
}
